
Microsoft Visual Studio Solution File, Format Version 12.00
# Visual Studio Version 17
VisualStudioVersion = 17.1.32228.430
MinimumVisualStudioVersion = 10.0.40219.1
Project("{2150E333-8FDC-42A3-9474-1A3956D46DE8}") = "Documentation", "Documentation", "{9C8221D6-B926-4DAC-92E1-93C8D5B4732E}"
	ProjectSection(SolutionItems) = preProject
		README.md = README.md
	EndProjectSection
EndProject
Project("{2150E333-8FDC-42A3-9474-1A3956D46DE8}") = "Scripts", "Scripts", "{CD15AE65-AE1F-4B8A-9368-412AF54549A9}"
EndProject
Project("{2150E333-8FDC-42A3-9474-1A3956D46DE8}") = "Source", "Source", "{52C1A368-6BB4-4963-A9F8-0862988B278C}"
EndProject
Project("{2150E333-8FDC-42A3-9474-1A3956D46DE8}") = "Tests", "Tests", "{3CE549D4-4F34-4D7C-AB95-1351C73C805C}"
EndProject
Project("{2150E333-8FDC-42A3-9474-1A3956D46DE8}") = "Core", "Core", "{9CA2D3D1-8A9E-41C9-BA34-AC5136A8CA98}"
EndProject
Project("{2150E333-8FDC-42A3-9474-1A3956D46DE8}") = "Infrastructure", "Infrastructure", "{5CFF33F1-F216-49F5-8F46-29CCF1D0347D}"
EndProject
Project("{2150E333-8FDC-42A3-9474-1A3956D46DE8}") = "Presentation", "Presentation", "{AD6889BC-5915-4789-B8A0-7E0450275C75}"
EndProject
Project("{FAE04EC0-301F-11D3-BF4B-00C04F79EFBC}") = "OwenCloudInteraction.UI.BlazorWASM.Server", "Source\Presentation\OwenCloudInteraction.UI.BlazorWASM\Server\OwenCloudInteraction.UI.BlazorWASM.Server.csproj", "{A551E12F-514B-4B34-AB2A-6B0E988D9035}"
EndProject
Project("{FAE04EC0-301F-11D3-BF4B-00C04F79EFBC}") = "OwenCloudInteraction.UI.BlazorWASM.Client", "Source\Presentation\OwenCloudInteraction.UI.BlazorWASM\Client\OwenCloudInteraction.UI.BlazorWASM.Client.csproj", "{E034F897-B430-4A51-AAFD-E163CB898B39}"
EndProject
Project("{FAE04EC0-301F-11D3-BF4B-00C04F79EFBC}") = "OwenCloudInteraction.UI.BlazorWASM.Shared", "Source\Presentation\OwenCloudInteraction.UI.BlazorWASM\Shared\OwenCloudInteraction.UI.BlazorWASM.Shared.csproj", "{D45AF44B-AA26-496C-A18A-7B50924701B6}"
EndProject
Project("{E53339B2-1760-4266-BCC7-CA923CBCF16C}") = "docker-compose", "docker-compose.dcproj", "{6D10E64E-AA04-4DAD-AE8E-07E5ABA1A6F4}"
EndProject
Global
	GlobalSection(SolutionConfigurationPlatforms) = preSolution
		Debug|Any CPU = Debug|Any CPU
		Release|Any CPU = Release|Any CPU
	EndGlobalSection
	GlobalSection(ProjectConfigurationPlatforms) = postSolution
		{A551E12F-514B-4B34-AB2A-6B0E988D9035}.Debug|Any CPU.ActiveCfg = Debug|Any CPU
		{A551E12F-514B-4B34-AB2A-6B0E988D9035}.Debug|Any CPU.Build.0 = Debug|Any CPU
		{A551E12F-514B-4B34-AB2A-6B0E988D9035}.Release|Any CPU.ActiveCfg = Release|Any CPU
		{A551E12F-514B-4B34-AB2A-6B0E988D9035}.Release|Any CPU.Build.0 = Release|Any CPU
		{E034F897-B430-4A51-AAFD-E163CB898B39}.Debug|Any CPU.ActiveCfg = Debug|Any CPU
		{E034F897-B430-4A51-AAFD-E163CB898B39}.Debug|Any CPU.Build.0 = Debug|Any CPU
		{E034F897-B430-4A51-AAFD-E163CB898B39}.Release|Any CPU.ActiveCfg = Release|Any CPU
		{E034F897-B430-4A51-AAFD-E163CB898B39}.Release|Any CPU.Build.0 = Release|Any CPU
		{D45AF44B-AA26-496C-A18A-7B50924701B6}.Debug|Any CPU.ActiveCfg = Debug|Any CPU
		{D45AF44B-AA26-496C-A18A-7B50924701B6}.Debug|Any CPU.Build.0 = Debug|Any CPU
		{D45AF44B-AA26-496C-A18A-7B50924701B6}.Release|Any CPU.ActiveCfg = Release|Any CPU
		{D45AF44B-AA26-496C-A18A-7B50924701B6}.Release|Any CPU.Build.0 = Release|Any CPU
		{6D10E64E-AA04-4DAD-AE8E-07E5ABA1A6F4}.Debug|Any CPU.ActiveCfg = Debug|Any CPU
		{6D10E64E-AA04-4DAD-AE8E-07E5ABA1A6F4}.Debug|Any CPU.Build.0 = Debug|Any CPU
		{6D10E64E-AA04-4DAD-AE8E-07E5ABA1A6F4}.Release|Any CPU.ActiveCfg = Release|Any CPU
		{6D10E64E-AA04-4DAD-AE8E-07E5ABA1A6F4}.Release|Any CPU.Build.0 = Release|Any CPU
	EndGlobalSection
	GlobalSection(SolutionProperties) = preSolution
		HideSolutionNode = FALSE
	EndGlobalSection
	GlobalSection(NestedProjects) = preSolution
		{9CA2D3D1-8A9E-41C9-BA34-AC5136A8CA98} = {52C1A368-6BB4-4963-A9F8-0862988B278C}
		{5CFF33F1-F216-49F5-8F46-29CCF1D0347D} = {52C1A368-6BB4-4963-A9F8-0862988B278C}
		{AD6889BC-5915-4789-B8A0-7E0450275C75} = {52C1A368-6BB4-4963-A9F8-0862988B278C}
		{A551E12F-514B-4B34-AB2A-6B0E988D9035} = {AD6889BC-5915-4789-B8A0-7E0450275C75}
		{E034F897-B430-4A51-AAFD-E163CB898B39} = {AD6889BC-5915-4789-B8A0-7E0450275C75}
		{D45AF44B-AA26-496C-A18A-7B50924701B6} = {AD6889BC-5915-4789-B8A0-7E0450275C75}
	EndGlobalSection
	GlobalSection(ExtensibilityGlobals) = postSolution
		SolutionGuid = {3DD134CB-3909-46BE-8847-9CB5B3EB5158}
	EndGlobalSection
EndGlobal
